{
  "name": "@scenery/eve-adapter-fixture",
  "version": "0.0.0",
  "lockfileVersion": 3,
  "requires": true,
  "packages": {
    "": {
      "name": "@scenery/eve-adapter-fixture",
      "version": "0.0.0",
      "dependencies": {
        "eve": "0.29.5"
      }
    },
    "node_modules/@ai-sdk/gateway": {
      "version": "4.0.39",
      "resolved": "https://registry.npmjs.org/@ai-sdk/gateway/-/gateway-4.0.39.tgz",
      "integrity": "sha512-EcglUHLJkJjMTdw0xS/wwl4nPWHGQtSYwHbq0f/yRXg3n5nmq3/w1blbghO5QALePafCOlGXcTEuq2ssys8yDQ==",
      "license": "Apache-2.0",
      "peer": true,
      "dependencies": {
        "@ai-sdk/provider": "4.0.5",
        "@ai-sdk/provider-utils": "5.0.19",
        "@vercel/oidc": "3.2.0"
      },
      "engines": {
        "node": ">=22"
      },
      "peerDependencies": {
        "zod": "^3.25.76 || ^4.1.8"
      }
    },
    "node_modules/@ai-sdk/provider": {
      "version": "4.0.5",
      "resolved": "https://registry.npmjs.org/@ai-sdk/provider/-/provider-4.0.5.tgz",
      "integrity": "sha512-9WAerTaPU2jcVi8dh8x27tySEuLur1Kfg7Go74GuCmsC/2MDSvrTkrK8ZrXWjryEevKfcPPmO1enveE7eqlzoA==",
      "license": "Apache-2.0",
      "peer": true,
      "dependencies": {
        "json-schema": "^0.4.0"
      },
      "engines": {
        "node": ">=22"
      }
    },
    "node_modules/@ai-sdk/provider-utils": {
      "version": "5.0.19",
      "resolved": "https://registry.npmjs.org/@ai-sdk/provider-utils/-/provider-utils-5.0.19.tgz",
      "integrity": "sha512-7GJ9TkXXr3RLUK5tvOjqejH/eozVkiV7i0B/AcOrcVjE2l2iJNKNe022ZAr8uUHUesWRyBj0ZkUe9wIk4OqgSw==",
      "license": "Apache-2.0",
      "peer": true,
      "dependencies": {
        "@ai-sdk/provider": "4.0.5",
        "@standard-schema/spec": "^1.1.0",
        "@workflow/serde": "4.1.0",
        "eventsource-parser": "^3.0.8",
        "undici": "^7.28.0"
      },
      "engines": {
        "node": ">=22"
      },
      "peerDependencies": {
        "zod": "^3.25.76 || ^4.1.8"
      }
    },
    "node_modules/@oxc-project/types": {
      "version": "0.142.0",
      "resolved": "https://registry.npmjs.org/@oxc-project/types/-/types-0.142.0.tgz",
      "integrity": "sha512-7W+2q5AKQVU36fkaryontrHn3YDt1RyUYXatw9i5H8ocYe2sPKSFB6eS8WNPeRKiN1qAWWZUPm7gwFzJGrccqQ==",
      "license": "MIT",
      "funding": {
        "url": "https://github.com/sponsors/Boshen"
      }
    },
    "node_modules/@rolldown/binding-android-arm64": {
      "version": "1.2.2",
      "resolved": "https://registry.npmjs.org/@rolldown/binding-android-arm64/-/binding-android-arm64-1.2.2.tgz",
      "integrity": "sha512-l7x215OGvo1s52JWmR8U/DAVzEDWBCIbTm28aeJV/WDTSHgcKXaZTuBT0hJMs5NggilfJTW3clZVvd24yfKJxA==",
      "cpu": [
        "arm64"
      ],
      "license": "MIT",
      "optional": true,
      "os": [
        "android"
      ],
      "engines": {
        "node": "^20.19.0 || >=22.12.0"
      }
    },
    "node_modules/@rolldown/binding-darwin-arm64": {
      "version": "1.2.2",
      "resolved": "https://registry.npmjs.org/@rolldown/binding-darwin-arm64/-/binding-darwin-arm64-1.2.2.tgz",
      "integrity": "sha512-9u9Xv6c1AJZT0FfwH5vrMG5Jjcwhc1MlyrPu0XfTqkzsmqfks2M6W/o5XwAJgVVN/jHpqqngC1WevHKKTIUtIA==",
      "cpu": [
        "arm64"
      ],
      "license": "MIT",
      "optional": true,
      "os": [
        "darwin"
      ],
      "engines": {
        "node": "^20.19.0 || >=22.12.0"
      }
    },
    "node_modules/@rolldown/binding-darwin-x64": {
      "version": "1.2.2",
      "resolved": "https://registry.npmjs.org/@rolldown/binding-darwin-x64/-/binding-darwin-x64-1.2.2.tgz",
      "integrity": "sha512-9W1mbGZAfW3oqd85bhBkmpyHCCzL1TeG/zFFP3vg7b0rlly8cxOcre5nXwz+LHazCwac2MNWgPdPCHndABjpWQ==",
      "cpu": [
        "x64"
      ],
      "license": "MIT",
      "optional": true,
      "os": [
        "darwin"
      ],
      "engines": {
        "node": "^20.19.0 || >=22.12.0"
      }
    },
    "node_modules/@rolldown/binding-freebsd-x64": {
      "version": "1.2.2",
      "resolved": "https://registry.npmjs.org/@rolldown/binding-freebsd-x64/-/binding-freebsd-x64-1.2.2.tgz",
      "integrity": "sha512-0p1lhiCSCyaerFwtrdZQUx7NqGk6LQnaRKWX7tFQqwQgvX0rjM15cIkm3pax1UpEakK14C4mOxx/jSqCBdBRqQ==",
      "cpu": [
        "x64"
      ],
      "license": "MIT",
      "optional": true,
      "os": [
        "freebsd"
      ],
      "engines": {
        "node": "^20.19.0 || >=22.12.0"
      }
    },
    "node_modules/@rolldown/binding-linux-arm-gnueabihf": {
      "version": "1.2.2",
      "resolved": "https://registry.npmjs.org/@rolldown/binding-linux-arm-gnueabihf/-/binding-linux-arm-gnueabihf-1.2.2.tgz",
      "integrity": "sha512-e+cOJXrJ2L3zx6YzqPg+f6Wbk3V1cKB8bOhbaYdVYN3DdquzNdRAmrbETz1qnt5yp/c7JNlNjmITiA2cVneQ7w==",
      "cpu": [
        "arm"
      ],
      "license": "MIT",
      "optional": true,
      "os": [
        "linux"
      ],
      "engines": {
        "node": "^20.19.0 || >=22.12.0"
      }
    },
    "node_modules/@rolldown/binding-linux-arm64-gnu": {
      "version": "1.2.2",
      "resolved": "https://registry.npmjs.org/@rolldown/binding-linux-arm64-gnu/-/binding-linux-arm64-gnu-1.2.2.tgz",
      "integrity": "sha512-JsSMsj6sNat/MuhG5fnBD7QgbtpHKVe30x5/bAVirDHdhoQRXJkF6xc0Jqk8O4fiCUQAzMOoH9wZi3m60c8wtg==",
      "cpu": [
        "arm64"
      ],
      "libc": [
        "glibc"
      ],
      "license": "MIT",
      "optional": true,
      "os": [
        "linux"
      ],
      "engines": {
        "node": "^20.19.0 || >=22.12.0"
      }
    },
    "node_modules/@rolldown/binding-linux-arm64-musl": {
      "version": "1.2.2",
      "resolved": "https://registry.npmjs.org/@rolldown/binding-linux-arm64-musl/-/binding-linux-arm64-musl-1.2.2.tgz",
      "integrity": "sha512-B5G/zJdHaoJn9vD50eGHWkiWfmq8Uhi3IiLPJTzmZTrAalk1bztUikSXo0qga18ibE0IXboyeMUnhPjhAJ45wQ==",
      "cpu": [
        "arm64"
      ],
      "libc": [
        "musl"
      ],
      "license": "MIT",
      "optional": true,
      "os": [
        "linux"
      ],
      "engines": {
        "node": "^20.19.0 || >=22.12.0"
      }
    },
    "node_modules/@rolldown/binding-linux-ppc64-gnu": {
      "version": "1.2.2",
      "resolved": "https://registry.npmjs.org/@rolldown/binding-linux-ppc64-gnu/-/binding-linux-ppc64-gnu-1.2.2.tgz",
      "integrity": "sha512-6mC/awzKka8W6EoekjegpfGkjz8jXWDX63pqu/HYVpyKtZfu65Jsh4QAH3Kej3CAv/c1oGX7psTmFEbr0mDxLA==",
      "cpu": [
        "ppc64"
      ],
      "libc": [
        "glibc"
      ],
      "license": "MIT",
      "optional": true,
      "os": [
        "linux"
      ],
      "engines": {
        "node": "^20.19.0 || >=22.12.0"
      }
    },
    "node_modules/@rolldown/binding-linux-s390x-gnu": {
      "version": "1.2.2",
      "resolved": "https://registry.npmjs.org/@rolldown/binding-linux-s390x-gnu/-/binding-linux-s390x-gnu-1.2.2.tgz",
      "integrity": "sha512-412MX9fJLdA1IK28EZnc8jYv2HRTleOZgfLQumJ5zy7OeJLZlg/CETwFaXjNmGVxG51cFHpKLqb5LKvBC+HsHA==",
      "cpu": [
        "s390x"
      ],
      "libc": [
        "glibc"
      ],
      "license": "MIT",
      "optional": true,
      "os": [
        "linux"
      ],
      "engines": {
        "node": "^20.19.0 || >=22.12.0"
      }
    },
    "node_modules/@rolldown/binding-linux-x64-gnu": {
      "version": "1.2.2",
      "resolved": "https://registry.npmjs.org/@rolldown/binding-linux-x64-gnu/-/binding-linux-x64-gnu-1.2.2.tgz",
      "integrity": "sha512-Q/+HI/ToJafZ1iCqGgVQXUEkIjufHCTF0gBQ2a5o3cg7GJ2h0qyq3nvvSmU+bGda2/7ygXpTY4TM6gO9OhQ0ZA==",
      "cpu": [
        "x64"
      ],
      "libc": [
        "glibc"
      ],
      "license": "MIT",
      "optional": true,
      "os": [
        "linux"
      ],
      "engines": {
        "node": "^20.19.0 || >=22.12.0"
      }
    },
    "node_modules/@rolldown/binding-linux-x64-musl": {
      "version": "1.2.2",
      "resolved": "https://registry.npmjs.org/@rolldown/binding-linux-x64-musl/-/binding-linux-x64-musl-1.2.2.tgz",
      "integrity": "sha512-ZKp/w41n6wCvxzxQHtQSbuphfX3Y4cCvbjkKHusrLx4lh+JWLTU7StSltO/DKARISzbj368d+qUaCjI8K2wzXw==",
      "cpu": [
        "x64"
      ],
      "libc": [
        "musl"
      ],
      "license": "MIT",
      "optional": true,
      "os": [
        "linux"
      ],
      "engines": {
        "node": "^20.19.0 || >=22.12.0"
      }
    },
    "node_modules/@rolldown/binding-openharmony-arm64": {
      "version": "1.2.2",
      "resolved": "https://registry.npmjs.org/@rolldown/binding-openharmony-arm64/-/binding-openharmony-arm64-1.2.2.tgz",
      "integrity": "sha512-pxE6xD4KS3eAROkKK5yrhB9/3+vhlhVGMvlQLbdpzrBGDbKrnzx3RLwPaHvasLo6jgaiBLn7e04Df9C4tYhjmA==",
      "cpu": [
        "arm64"
      ],
      "license": "MIT",
      "optional": true,
      "os": [
        "openharmony"
      ],
      "engines": {
        "node": "^20.19.0 || >=22.12.0"
      }
    },
    "node_modules/@rolldown/binding-win32-arm64-msvc": {
      "version": "1.2.2",
      "resolved": "https://registry.npmjs.org/@rolldown/binding-win32-arm64-msvc/-/binding-win32-arm64-msvc-1.2.2.tgz",
      "integrity": "sha512-4MqEue5re+xIZzAWsB8sj0P1kqZySWqIuN4t6QaIO/YA6SFwySOLruvWQFzfmqk8LBK2P30KCSJwf6mJCZZ5/A==",
      "cpu": [
        "arm64"
      ],
      "license": "MIT",
      "optional": true,
      "os": [
        "win32"
      ],
      "engines": {
        "node": "^20.19.0 || >=22.12.0"
      }
    },
    "node_modules/@rolldown/binding-win32-x64-msvc": {
      "version": "1.2.2",
      "resolved": "https://registry.npmjs.org/@rolldown/binding-win32-x64-msvc/-/binding-win32-x64-msvc-1.2.2.tgz",
      "integrity": "sha512-NweNxxD0Nf9t8v7kodun45Ijp3EIwYY+uydPP6qBEYvfBqhIjN6dZMzlQja3tqX/aLs3F3Uz+AxDpKgRhpOZQg==",
      "cpu": [
        "x64"
      ],
      "license": "MIT",
      "optional": true,
      "os": [
        "win32"
      ],
      "engines": {
        "node": "^20.19.0 || >=22.12.0"
      }
    },
    "node_modules/@rolldown/pluginutils": {
      "version": "1.0.1",
      "resolved": "https://registry.npmjs.org/@rolldown/pluginutils/-/pluginutils-1.0.1.tgz",
      "integrity": "sha512-2j9bGt5Jh8hj+vPtgzPtl72j0yRxHAyumoo6TNfAjsLB04UtpSvPbPcDcBMxz7n+9CYB0c1GxQFxYRg2jimqGw==",
      "license": "MIT"
    },
    "node_modules/@standard-schema/spec": {
      "version": "1.1.0",
      "resolved": "https://registry.npmjs.org/@standard-schema/spec/-/spec-1.1.0.tgz",
      "integrity": "sha512-l2aFy5jALhniG5HgqrD6jXLi/rUWrKvqN/qJx6yoJsgKhblVd+iqqU4RCXavm/jPityDo5TCvKMnpjKnOriy0w==",
      "license": "MIT",
      "peer": true
    },
    "node_modules/@vercel/oidc": {
      "version": "3.2.0",
      "resolved": "https://registry.npmjs.org/@vercel/oidc/-/oidc-3.2.0.tgz",
      "integrity": "sha512-UycprH3T6n3jH0k44NHMa7pnFHGu/N05MjojYr+Mc6I7obkoLIJujSWwin1pCvdy/eOxrI/l3uDLQsmcrOb4ug==",
      "license": "Apache-2.0",
      "peer": true,
      "engines": {
        "node": ">= 20"
      }
    },
    "node_modules/@workflow/serde": {
      "version": "4.1.0",
      "resolved": "https://registry.npmjs.org/@workflow/serde/-/serde-4.1.0.tgz",
      "integrity": "sha512-pav4F2BoirECWR7Nf1TKt+2eETcBj7jj4cBefQ8VXQCA6NPkaKeLfj/zMgi+3zYV5ZIBT4GuUiphsj0/b9hPQQ==",
      "license": "Apache-2.0",
      "peer": true
    },
    "node_modules/ai": {
      "version": "7.0.50",
      "resolved": "https://registry.npmjs.org/ai/-/ai-7.0.50.tgz",
      "integrity": "sha512-bmS5SbUtd4xwtvpdPlhRZgV3a0ASZpTxsBitTEqZ23pTLctzv6Y0ZMcFV5b7S9YboHfYWN4JdTGoEpcqax06OA==",
      "license": "Apache-2.0",
      "peer": true,
      "dependencies": {
        "@ai-sdk/gateway": "4.0.39",
        "@ai-sdk/provider": "4.0.5",
        "@ai-sdk/provider-utils": "5.0.19"
      },
      "engines": {
        "node": ">=22"
      },
      "peerDependencies": {
        "zod": "^3.25.76 || ^4.1.8"
      }
    },
    "node_modules/consola": {
      "version": "3.4.2",
      "resolved": "https://registry.npmjs.org/consola/-/consola-3.4.2.tgz",
      "integrity": "sha512-5IKcdX0nnYavi6G7TtOhwkYzyjfJlatbjMjuLSfE2kYT5pMDOilZ4OvMhi637CcDICTmz3wARPoyhqyX1Y+XvA==",
      "license": "MIT",
      "engines": {
        "node": "^14.18.0 || >=16.10.0"
      }
    },
    "node_modules/crossws": {
      "version": "0.4.10",
      "resolved": "https://registry.npmjs.org/crossws/-/crossws-0.4.10.tgz",
      "integrity": "sha512-pz3oubH/dt12KjqsUB0IuXW4nwRDQ583iDsP4555Cpdqx0NoU7pGlWBcayyFI8f/l/idRpgjMEfwuOxSWJYlIA==",
      "license": "MIT",
      "peerDependencies": {
        "srvx": ">=0.11.5"
      },
      "peerDependenciesMeta": {
        "srvx": {
          "optional": true
        }
      }
    },
    "node_modules/db0": {
      "version": "0.3.4",
      "resolved": "https://registry.npmjs.org/db0/-/db0-0.3.4.tgz",
      "integrity": "sha512-RiXXi4WaNzPTHEOu8UPQKMooIbqOEyqA1t7Z6MsdxSCeb8iUC9ko3LcmsLmeUt2SM5bctfArZKkRQggKZz7JNw==",
      "license": "MIT",
      "peerDependencies": {
        "@electric-sql/pglite": "*",
        "@libsql/client": "*",
        "better-sqlite3": "*",
        "drizzle-orm": "*",
        "mysql2": "*",
        "sqlite3": "*"
      },
      "peerDependenciesMeta": {
        "@electric-sql/pglite": {
          "optional": true
        },
        "@libsql/client": {
          "optional": true
        },
        "better-sqlite3": {
          "optional": true
        },
        "drizzle-orm": {
          "optional": true
        },
        "mysql2": {
          "optional": true
        },
        "sqlite3": {
          "optional": true
        }
      }
    },
    "node_modules/env-runner": {
      "version": "0.1.16",
      "resolved": "https://registry.npmjs.org/env-runner/-/env-runner-0.1.16.tgz",
      "integrity": "sha512-2LRJM4P2KLX6J83QZZrMqvgCDt/D5ea7wPcI3yYiy5cG/9rX5QwdwZFx0D7ktWnjdRyZxYjttGGorb5nFqb1CA==",
      "license": "MIT",
      "dependencies": {
        "crossws": "^0.4.8",
        "exsolve": "^1.1.0",
        "httpxy": "^0.5.4",
        "srvx": "^0.11.19"
      },
      "bin": {
        "env-runner": "dist/cli.mjs"
      },
      "peerDependencies": {
        "@netlify/runtime": "^4.1.23",
        "@vercel/queue": ">=0.2.0",
        "miniflare": "^4.20260515.0",
        "wrangler": "^4.0.0"
      },
      "peerDependenciesMeta": {
        "@netlify/runtime": {
          "optional": true
        },
        "@vercel/queue": {
          "optional": true
        },
        "miniflare": {
          "optional": true
        },
        "wrangler": {
          "optional": true
        }
      }
    },
    "node_modules/eve": {
      "version": "0.29.5",
      "resolved": "https://registry.npmjs.org/eve/-/eve-0.29.5.tgz",
      "integrity": "sha512-XiIJHANIgT7LQAZ3e2MyQG4N+B9dPYwdFk0rAzSGYSBjgavCbCtX/tXDlqasjIfEH726uxFdYrLGnlGvIZ38vg==",
      "license": "Apache-2.0",
      "dependencies": {
        "nitro": "3.0.260610-beta",
        "undici": "8.9.0"
      },
      "bin": {
        "eve": "bin/eve.js"
      },
      "engines": {
        "node": ">=24"
      },
      "peerDependencies": {
        "@opentelemetry/api": "^1.0.0",
        "ai": "^7.0.38",
        "braintrust": "^3.0.0",
        "just-bash": "^3.0.0",
        "microsandbox": "^0.5.0"
      },
      "peerDependenciesMeta": {
        "@opentelemetry/api": {
          "optional": true
        },
        "braintrust": {
          "optional": true
        },
        "just-bash": {
          "optional": true
        },
        "microsandbox": {
          "optional": true
        }
      }
    },
    "node_modules/eve/node_modules/undici": {
      "version": "8.9.0",
      "resolved": "https://registry.npmjs.org/undici/-/undici-8.9.0.tgz",
      "integrity": "sha512-aWZpUj7XoGonMClx4gdDRfgBjqeA+F473aDmROQQbM9n6PRfK/u1q/a0X4wMTgcHfT8H6fpbt98PFuDUwFg2YA==",
      "license": "MIT",
      "engines": {
        "node": ">=22.19.0"
      }
    },
    "node_modules/eventsource-parser": {
      "version": "3.1.0",
      "resolved": "https://registry.npmjs.org/eventsource-parser/-/eventsource-parser-3.1.0.tgz",
      "integrity": "sha512-kJezFj9YFAMLeORyi7aCLxLbD5/qWMQnoMVlVPyHIll7lgRJCc3JVln9Vgl9nwQi0YkMnhdGTMNn7CkRRAptMg==",
      "license": "MIT",
      "peer": true,
      "engines": {
        "node": ">=18.0.0"
      }
    },
    "node_modules/exsolve": {
      "version": "1.1.1",
      "resolved": "https://registry.npmjs.org/exsolve/-/exsolve-1.1.1.tgz",
      "integrity": "sha512-9U/jZUgjnSGyntRr6y5Muu1MJcwFl6kPu7k8qLF0IMNfLqvw0NZ4nnVDq0RVoZ0RvCyumib4Ez3KYrVfilrw+g==",
      "license": "MIT"
    },
    "node_modules/h3": {
      "version": "2.0.1-rc.22",
      "resolved": "https://registry.npmjs.org/h3/-/h3-2.0.1-rc.22.tgz",
      "integrity": "sha512-Esv0DMIuPkCTSWCA0vO73vcTqwzH1wjSrAO1TXNu/K3up1sZHa9EKMapbmxCDYBeymC3fVTk4qxp7ogQWQ+KgA==",
      "license": "MIT",
      "dependencies": {
        "rou3": "^0.8.1",
        "srvx": "^0.11.15"
      },
      "bin": {
        "h3": "bin/h3.mjs"
      },
      "engines": {
        "node": ">=20.11.1"
      },
      "peerDependencies": {
        "crossws": "^0.4.1"
      },
      "peerDependenciesMeta": {
        "crossws": {
          "optional": true
        }
      }
    },
    "node_modules/hookable": {
      "version": "6.1.1",
      "resolved": "https://registry.npmjs.org/hookable/-/hookable-6.1.1.tgz",
      "integrity": "sha512-U9LYDy1CwhMCnprUfeAZWZGByVbhd54hwepegYTK7Pi5NvqEj63ifz5z+xukznehT7i6NIZRu89Ay1AZmRsLEQ==",
      "license": "MIT"
    },
    "node_modules/httpxy": {
      "version": "0.5.5",
      "resolved": "https://registry.npmjs.org/httpxy/-/httpxy-0.5.5.tgz",
      "integrity": "sha512-uDjmnPyp1q4Sgzf3w+J/Fc6UqcCEj0x4Wjp7OqK5dGhNeDgpyrAmnS6ey8QWrX3SWDon2DMKf9sBa5X9+CVyMA==",
      "license": "MIT"
    },
    "node_modules/json-schema": {
      "version": "0.4.0",
      "resolved": "https://registry.npmjs.org/json-schema/-/json-schema-0.4.0.tgz",
      "integrity": "sha512-es94M3nTIfsEPisRafak+HDLfHXnKBhV3vU5eqPcS3flIWqcxJWgXHXiey3YrpaNsanY5ei1VoYEbOzijuq9BA==",
      "license": "(AFL-2.1 OR BSD-3-Clause)",
      "peer": true
    },
    "node_modules/nf3": {
      "version": "0.3.23",
      "resolved": "https://registry.npmjs.org/nf3/-/nf3-0.3.23.tgz",
      "integrity": "sha512-RWVLAWozmVD3AaDmaU3qMGB3v+yNlH5d9qqStI4e/WLlNQVnJ4YErGDbYCIrGFyrHdbF6I6Baf0Ae6c7tFYmSg==",
      "license": "MIT"
    },
    "node_modules/nitro": {
      "version": "3.0.260610-beta",
      "resolved": "https://registry.npmjs.org/nitro/-/nitro-3.0.260610-beta.tgz",
      "integrity": "sha512-KPb4L5yaF/Rx/xoGMpgHRJvZhbhGiqbRKOwwPLCH9jKTKTsEUHLjnJas85AeCzaswqa8Wi52eQBtRsODC4PS0Q==",
      "license": "MIT",
      "dependencies": {
        "consola": "^3.4.2",
        "crossws": "^0.4.6",
        "db0": "^0.3.4",
        "env-runner": "^0.1.12",
        "h3": "2.0.1-rc.22",
        "hookable": "^6.1.1",
        "nf3": "^0.3.17",
        "ocache": "^0.1.5",
        "ofetch": "2.0.0-alpha.3",
        "ohash": "^2.0.11",
        "rolldown": "^1.1.0",
        "srvx": "^0.11.16",
        "unenv": "2.0.0-rc.24",
        "unstorage": "2.0.0-alpha.7"
      },
      "bin": {
        "nitro": "dist/cli/index.mjs"
      },
      "engines": {
        "node": "^20.19.0 || >=22.12.0"
      },
      "peerDependencies": {
        "@vercel/queue": "^0.3.0",
        "dotenv": "*",
        "giget": "*",
        "jiti": "^2.7.0",
        "rollup": "^4.61.1",
        "vite": "^7 || ^8",
        "xml2js": "^0.6.2",
        "zephyr-agent": "^0.2.0"
      },
      "peerDependenciesMeta": {
        "@vercel/queue": {
          "optional": true
        },
        "dotenv": {
          "optional": true
        },
        "giget": {
          "optional": true
        },
        "jiti": {
          "optional": true
        },
        "rollup": {
          "optional": true
        },
        "vite": {
          "optional": true
        },
        "xml2js": {
          "optional": true
        },
        "zephyr-agent": {
          "optional": true
        }
      }
    },
    "node_modules/ocache": {
      "version": "0.1.5",
      "resolved": "https://registry.npmjs.org/ocache/-/ocache-0.1.5.tgz",
      "integrity": "sha512-kNNnkkVQup/QDvmTz8Q84wc2ntiyoVHDxa6eHWKt5qdGAmFRBIxy83rxgCYEjW0x06UJ9E3P6VgM2yY4rOBH4w==",
      "license": "MIT",
      "dependencies": {
        "ohash": "^2.0.11"
      }
    },
    "node_modules/ofetch": {
      "version": "2.0.0-alpha.3",
      "resolved": "https://registry.npmjs.org/ofetch/-/ofetch-2.0.0-alpha.3.tgz",
      "integrity": "sha512-zpYTCs2byOuft65vI3z43Dd6iSdFbOZZLb9/d21aCpx2rGastVU9dOCv0lu4ykc1Ur1anAYjDi3SUvR0vq50JA==",
      "license": "MIT"
    },
    "node_modules/ohash": {
      "version": "2.0.11",
      "resolved": "https://registry.npmjs.org/ohash/-/ohash-2.0.11.tgz",
      "integrity": "sha512-RdR9FQrFwNBNXAr4GixM8YaRZRJ5PUWbKYbE5eOsrwAjJW0q2REGcf79oYPsLyskQCZG1PLN+S/K1V00joZAoQ==",
      "license": "MIT"
    },
    "node_modules/pathe": {
      "version": "2.0.3",
      "resolved": "https://registry.npmjs.org/pathe/-/pathe-2.0.3.tgz",
      "integrity": "sha512-WUjGcAqP1gQacoQe+OBJsFA7Ld4DyXuUIjZ5cc75cLHvJ7dtNsTugphxIADwspS+AraAUePCKrSVtPLFj/F88w==",
      "license": "MIT"
    },
    "node_modules/rolldown": {
      "version": "1.2.2",
      "resolved": "https://registry.npmjs.org/rolldown/-/rolldown-1.2.2.tgz",
      "integrity": "sha512-opwpo1tQBAcpSUJDt94B7hhLNGOKjCdE//XXjeLrnx9b83bjnw45tXdg1b09yEw/VLFBJGZpwRULMmOZo7ol+A==",
      "license": "MIT",
      "dependencies": {
        "@oxc-project/types": "=0.142.0",
        "@rolldown/pluginutils": "^1.0.0"
      },
      "bin": {
        "rolldown": "bin/cli.mjs"
      },
      "engines": {
        "node": "^20.19.0 || >=22.12.0"
      },
      "optionalDependencies": {
        "@rolldown/binding-android-arm64": "1.2.2",
        "@rolldown/binding-darwin-arm64": "1.2.2",
        "@rolldown/binding-darwin-x64": "1.2.2",
        "@rolldown/binding-freebsd-x64": "1.2.2",
        "@rolldown/binding-linux-arm-gnueabihf": "1.2.2",
        "@rolldown/binding-linux-arm64-gnu": "1.2.2",
        "@rolldown/binding-linux-arm64-musl": "1.2.2",
        "@rolldown/binding-linux-ppc64-gnu": "1.2.2",
        "@rolldown/binding-linux-s390x-gnu": "1.2.2",
        "@rolldown/binding-linux-x64-gnu": "1.2.2",
        "@rolldown/binding-linux-x64-musl": "1.2.2",
        "@rolldown/binding-openharmony-arm64": "1.2.2",
        "@rolldown/binding-win32-arm64-msvc": "1.2.2",
        "@rolldown/binding-win32-x64-msvc": "1.2.2"
      }
    },
    "node_modules/rou3": {
      "version": "0.8.1",
      "resolved": "https://registry.npmjs.org/rou3/-/rou3-0.8.1.tgz",
      "integrity": "sha512-ePa+XGk00/3HuCqrEnK3LxJW7I0SdNg6EFzKUJG73hMAdDcOUC/i/aSz7LSDwLrGr33kal/rqOGydzwl6U7zBA==",
      "license": "MIT"
    },
    "node_modules/srvx": {
      "version": "0.11.22",
      "resolved": "https://registry.npmjs.org/srvx/-/srvx-0.11.22.tgz",
      "integrity": "sha512-LqZxxBDMKuMAZzFzJnDCkFOrs9MZQZr0LvHiO/SuSZVdQaXD7xQ5UWTUxheJrQPve1qk9MG2B/yttUvJxw8egQ==",
      "license": "MIT",
      "bin": {
        "srvx": "bin/srvx.mjs"
      },
      "engines": {
        "node": ">=20.16.0"
      }
    },
    "node_modules/undici": {
      "version": "7.29.0",
      "resolved": "https://registry.npmjs.org/undici/-/undici-7.29.0.tgz",
      "integrity": "sha512-IDxfleLmmbSskfWSUATiN1nfn2rDuvnMOqb5CWR92iIfojA0Ud+ulOAAEQ57LPr9rWmsreUyf5lwyao+7GNNVw==",
      "license": "MIT",
      "peer": true,
      "engines": {
        "node": ">=20.18.1"
      }
    },
    "node_modules/unenv": {
      "version": "2.0.0-rc.24",
      "resolved": "https://registry.npmjs.org/unenv/-/unenv-2.0.0-rc.24.tgz",
      "integrity": "sha512-i7qRCmY42zmCwnYlh9H2SvLEypEFGye5iRmEMKjcGi7zk9UquigRjFtTLz0TYqr0ZGLZhaMHl/foy1bZR+Cwlw==",
      "license": "MIT",
      "dependencies": {
        "pathe": "^2.0.3"
      }
    },
    "node_modules/unstorage": {
      "version": "2.0.0-alpha.7",
      "resolved": "https://registry.npmjs.org/unstorage/-/unstorage-2.0.0-alpha.7.tgz",
      "integrity": "sha512-ELPztchk2zgFJnakyodVY3vJWGW9jy//keJ32IOJVGUMyaPydwcA1FtVvWqT0TNRch9H+cMNEGllfVFfScImog==",
      "license": "MIT",
      "peerDependencies": {
        "@azure/app-configuration": "^1.11.0",
        "@azure/cosmos": "^4.9.1",
        "@azure/data-tables": "^13.3.2",
        "@azure/identity": "^4.13.0",
        "@azure/keyvault-secrets": "^4.10.0",
        "@azure/storage-blob": "^12.31.0",
        "@capacitor/preferences": "^6 || ^7 || ^8",
        "@deno/kv": ">=0.13.0",
        "@netlify/blobs": "^6.5.0 || ^7.0.0 || ^8.1.0 || ^9.0.0 || ^10.0.0",
        "@planetscale/database": "^1.19.0",
        "@upstash/redis": "^1.36.2",
        "@vercel/blob": ">=0.27.3",
        "@vercel/functions": "^2.2.12 || ^3.0.0",
        "@vercel/kv": "^1.0.1",
        "aws4fetch": "^1.0.20",
        "chokidar": "^4 || ^5",
        "db0": ">=0.3.4",
        "idb-keyval": "^6.2.2",
        "ioredis": "^5.9.3",
        "lru-cache": "^11.2.6",
        "mongodb": "^6 || ^7",
        "ofetch": "*",
        "uploadthing": "^7.7.4"
      },
      "peerDependenciesMeta": {
        "@azure/app-configuration": {
          "optional": true
        },
        "@azure/cosmos": {
          "optional": true
        },
        "@azure/data-tables": {
          "optional": true
        },
        "@azure/identity": {
          "optional": true
        },
        "@azure/keyvault-secrets": {
          "optional": true
        },
        "@azure/storage-blob": {
          "optional": true
        },
        "@capacitor/preferences": {
          "optional": true
        },
        "@deno/kv": {
          "optional": true
        },
        "@netlify/blobs": {
          "optional": true
        },
        "@planetscale/database": {
          "optional": true
        },
        "@upstash/redis": {
          "optional": true
        },
        "@vercel/blob": {
          "optional": true
        },
        "@vercel/functions": {
          "optional": true
        },
        "@vercel/kv": {
          "optional": true
        },
        "aws4fetch": {
          "optional": true
        },
        "chokidar": {
          "optional": true
        },
        "db0": {
          "optional": true
        },
        "idb-keyval": {
          "optional": true
        },
        "ioredis": {
          "optional": true
        },
        "lru-cache": {
          "optional": true
        },
        "mongodb": {
          "optional": true
        },
        "ofetch": {
          "optional": true
        },
        "uploadthing": {
          "optional": true
        }
      }
    },
    "node_modules/zod": {
      "version": "4.4.3",
      "resolved": "https://registry.npmjs.org/zod/-/zod-4.4.3.tgz",
      "integrity": "sha512-ytENFjIJFl2UwYglde2jchW2Hwm4GJFLDiSXWdTrJQBIN9Fcyp7n4DhxJEiWNAJMV1/BqWfW/kkg71UDcHJyTQ==",
      "license": "MIT",
      "peer": true,
      "funding": {
        "url": "https://github.com/sponsors/colinhacks"
      }
    }
  }
}
